// !$*UTF8*$!
{
	archiveVersion = 1;
	classes = {
	};
	objectVersion = 46;
	objects = {

/* Begin PBXBuildFile section */
		2967F3671B2D8A060081A66F /* main.m in Sources */ = {isa = PBXBuildFile; fileRef = 2967F3661B2D8A060081A66F /* main.m */; };
		2967F36A1B2D8A060081A66F /* AppDelegate.m in Sources */ = {isa = PBXBuildFile; fileRef = 2967F3691B2D8A060081A66F /* AppDelegate.m */; };
		2967F36D1B2D8A060081A66F /* ViewController.m in Sources */ = {isa = PBXBuildFile; fileRef = 2967F36C1B2D8A060081A66F /* ViewController.m */; };
		2967F3701B2D8A060081A66F /* Main.storyboard in Resources */ = {isa = PBXBuildFile; fileRef = 2967F36E1B2D8A060081A66F /* Main.storyboard */; };
		2967F3721B2D8A060081A66F /* Images.xcassets in Resources */ = {isa = PBXBuildFile; fileRef = 2967F3711B2D8A060081A66F /* Images.xcassets */; };
		2967F3751B2D8A060081A66F /* LaunchScreen.xib in Resources */ = {isa = PBXBuildFile; fileRef = 2967F3731B2D8A060081A66F /* LaunchScreen.xib */; };
		735AC3B91C915E87009F89C3 /* WebKit.framework in Frameworks */ = {isa = PBXBuildFile; fileRef = 735AC3B71C911BAB009F89C3 /* WebKit.framework */; };
		73A8BFAE1C3286AE0082103E /* TestGTTests.m in Sources */ = {isa = PBXBuildFile; fileRef = 73A8BFAD1C3286AE0082103E /* TestGTTests.m */; };
		73A8BFB51C3287090082103E /* GTFramework.framework in Frameworks */ = {isa = PBXBuildFile; fileRef = 29A1E8541B3BEA5C008544F9 /* GTFramework.framework */; };
		73B4F4521BB3DFBE00D45739 /* GTFramework.framework in Frameworks */ = {isa = PBXBuildFile; fileRef = 29A1E8541B3BEA5C008544F9 /* GTFramework.framework */; };
		73E6B7491C33B5CA00C808E0 /* TestGTUITests.m in Sources */ = {isa = PBXBuildFile; fileRef = 73E6B7481C33B5CA00C808E0 /* TestGTUITests.m */; };
		73E6B7501C33B6DD00C808E0 /* GTFramework.framework in Frameworks */ = {isa = PBXBuildFile; fileRef = 29A1E8541B3BEA5C008544F9 /* GTFramework.framework */; };
/* End PBXBuildFile section */

/* Begin PBXContainerItemProxy section */
		73A8BFB01C3286AE0082103E /* PBXContainerItemProxy */ = {
			isa = PBXContainerItemProxy;
			containerPortal = 2967F3591B2D8A060081A66F /* Project object */;
			proxyType = 1;
			remoteGlobalIDString = 2967F3601B2D8A060081A66F;
			remoteInfo = TestGT;
		};
		73E6B74B1C33B5CA00C808E0 /* PBXContainerItemProxy */ = {
			isa = PBXContainerItemProxy;
			containerPortal = 2967F3591B2D8A060081A66F /* Project object */;
			proxyType = 1;
			remoteGlobalIDString = 2967F3601B2D8A060081A66F;
			remoteInfo = TestGT;
		};
/* End PBXContainerItemProxy section */

/* Begin PBXFileReference section */
		2967F3611B2D8A060081A66F /* TestGT.app */ = {isa = PBXFileReference; explicitFileType = wrapper.application; includeInIndex = 0; path = TestGT.app; sourceTree = BUILT_PRODUCTS_DIR; };
		2967F3651B2D8A060081A66F /* Info.plist */ = {isa = PBXFileReference; lastKnownFileType = text.plist.xml; path = Info.plist; sourceTree = "<group>"; };
		2967F3661B2D8A060081A66F /* main.m */ = {isa = PBXFileReference; lastKnownFileType = sourcecode.c.objc; path = main.m; sourceTree = "<group>"; };
		2967F3681B2D8A060081A66F /* AppDelegate.h */ = {isa = PBXFileReference; lastKnownFileType = sourcecode.c.h; path = AppDelegate.h; sourceTree = "<group>"; };
		2967F3691B2D8A060081A66F /* AppDelegate.m */ = {isa = PBXFileReference; lastKnownFileType = sourcecode.c.objc; path = AppDelegate.m; sourceTree = "<group>"; };
		2967F36B1B2D8A060081A66F /* ViewController.h */ = {isa = PBXFileReference; lastKnownFileType = sourcecode.c.h; path = ViewController.h; sourceTree = "<group>"; };
		2967F36C1B2D8A060081A66F /* ViewController.m */ = {isa = PBXFileReference; lastKnownFileType = sourcecode.c.objc; path = ViewController.m; sourceTree = "<group>"; };
		2967F36F1B2D8A060081A66F /* Base */ = {isa = PBXFileReference; lastKnownFileType = file.storyboard; name = Base; path = Base.lproj/Main.storyboard; sourceTree = "<group>"; };
		2967F3711B2D8A060081A66F /* Images.xcassets */ = {isa = PBXFileReference; lastKnownFileType = folder.assetcatalog; path = Images.xcassets; sourceTree = "<group>"; };
		2967F3741B2D8A060081A66F /* Base */ = {isa = PBXFileReference; lastKnownFileType = file.xib; name = Base; path = Base.lproj/LaunchScreen.xib; sourceTree = "<group>"; };
		29A1E8541B3BEA5C008544F9 /* GTFramework.framework */ = {isa = PBXFileReference; lastKnownFileType = wrapper.framework; path = GTFramework.framework; sourceTree = "<group>"; };
		735AC3B71C911BAB009F89C3 /* WebKit.framework */ = {isa = PBXFileReference; lastKnownFileType = wrapper.framework; name = WebKit.framework; path = System/Library/Frameworks/WebKit.framework; sourceTree = SDKROOT; };
		73A8BFAB1C3286AE0082103E /* TestGTTests.xctest */ = {isa = PBXFileReference; explicitFileType = wrapper.cfbundle; includeInIndex = 0; path = TestGTTests.xctest; sourceTree = BUILT_PRODUCTS_DIR; };
		73A8BFAD1C3286AE0082103E /* TestGTTests.m */ = {isa = PBXFileReference; lastKnownFileType = sourcecode.c.objc; path = TestGTTests.m; sourceTree = "<group>"; };
		73A8BFAF1C3286AE0082103E /* Info.plist */ = {isa = PBXFileReference; lastKnownFileType = text.plist.xml; path = Info.plist; sourceTree = "<group>"; };
		73E6B7461C33B5CA00C808E0 /* TestGTUITests.xctest */ = {isa = PBXFileReference; explicitFileType = wrapper.cfbundle; includeInIndex = 0; path = TestGTUITests.xctest; sourceTree = BUILT_PRODUCTS_DIR; };
		73E6B7481C33B5CA00C808E0 /* TestGTUITests.m */ = {isa = PBXFileReference; lastKnownFileType = sourcecode.c.objc; path = TestGTUITests.m; sourceTree = "<group>"; };
		73E6B74A1C33B5CA00C808E0 /* Info.plist */ = {isa = PBXFileReference; lastKnownFileType = text.plist.xml; path = Info.plist; sourceTree = "<group>"; };
/* End PBXFileReference section */

/* Begin PBXFrameworksBuildPhase section */
		2967F35E1B2D8A060081A66F /* Frameworks */ = {
			isa = PBXFrameworksBuildPhase;
			buildActionMask = 2147483647;
			files = (
				735AC3B91C915E87009F89C3 /* WebKit.framework in Frameworks */,
				73B4F4521BB3DFBE00D45739 /* GTFramework.framework in Frameworks */,
			);
			runOnlyForDeploymentPostprocessing = 0;
		};
		73A8BFA81C3286AE0082103E /* Frameworks */ = {
			isa = PBXFrameworksBuildPhase;
			buildActionMask = 2147483647;
			files = (
				73A8BFB51C3287090082103E /* GTFramework.framework in Frameworks */,
			);
			runOnlyForDeploymentPostprocessing = 0;
		};
		73E6B7431C33B5CA00C808E0 /* Frameworks */ = {
			isa = PBXFrameworksBuildPhase;
			buildActionMask = 2147483647;
			files = (
				73E6B7501C33B6DD00C808E0 /* GTFramework.framework in Frameworks */,
			);
			runOnlyForDeploymentPostprocessing = 0;
		};
/* End PBXFrameworksBuildPhase section */

/* Begin PBXGroup section */
		2967F3581B2D8A060081A66F = {
			isa = PBXGroup;
			children = (
				735AC3B71C911BAB009F89C3 /* WebKit.framework */,
				29A1E8541B3BEA5C008544F9 /* GTFramework.framework */,
				2967F3631B2D8A060081A66F /* TestGT */,
				73A8BFAC1C3286AE0082103E /* TestGTTests */,
				73E6B7471C33B5CA00C808E0 /* TestGTUITests */,
				2967F3621B2D8A060081A66F /* Products */,
			);
			sourceTree = "<group>";
		};
		2967F3621B2D8A060081A66F /* Products */ = {
			isa = PBXGroup;
			children = (
				2967F3611B2D8A060081A66F /* TestGT.app */,
				73A8BFAB1C3286AE0082103E /* TestGTTests.xctest */,
				73E6B7461C33B5CA00C808E0 /* TestGTUITests.xctest */,
			);
			name = Products;
			sourceTree = "<group>";
		};
		2967F3631B2D8A060081A66F /* TestGT */ = {
			isa = PBXGroup;
			children = (
				2967F3681B2D8A060081A66F /* AppDelegate.h */,
				2967F3691B2D8A060081A66F /* AppDelegate.m */,
				2967F36B1B2D8A060081A66F /* ViewController.h */,
				2967F36C1B2D8A060081A66F /* ViewController.m */,
				2967F36E1B2D8A060081A66F /* Main.storyboard */,
				2967F3711B2D8A060081A66F /* Images.xcassets */,
				2967F3731B2D8A060081A66F /* LaunchScreen.xib */,
				2967F3641B2D8A060081A66F /* Supporting Files */,
			);
			path = TestGT;
			sourceTree = "<group>";
		};
		2967F3641B2D8A060081A66F /* Supporting Files */ = {
			isa = PBXGroup;
			children = (
				2967F3651B2D8A060081A66F /* Info.plist */,
				2967F3661B2D8A060081A66F /* main.m */,
			);
			name = "Supporting Files";
			sourceTree = "<group>";
		};
		73A8BFAC1C3286AE0082103E /* TestGTTests */ = {
			isa = PBXGroup;
			children = (
				73A8BFAD1C3286AE0082103E /* TestGTTests.m */,
				73A8BFAF1C3286AE0082103E /* Info.plist */,
			);
			path = TestGTTests;
			sourceTree = "<group>";
		};
		73E6B7471C33B5CA00C808E0 /* TestGTUITests */ = {
			isa = PBXGroup;
			children = (
				73E6B7481C33B5CA00C808E0 /* TestGTUITests.m */,
				73E6B74A1C33B5CA00C808E0 /* Info.plist */,
			);
			path = TestGTUITests;
			sourceTree = "<group>";
		};
/* End PBXGroup section */

/* Begin PBXNativeTarget section */
		2967F3601B2D8A060081A66F /* TestGT */ = {
			isa = PBXNativeTarget;
			buildConfigurationList = 2967F3841B2D8A060081A66F /* Build configuration list for PBXNativeTarget "TestGT" */;
			buildPhases = (
				2967F35D1B2D8A060081A66F /* Sources */,
				2967F35E1B2D8A060081A66F /* Frameworks */,
				2967F35F1B2D8A060081A66F /* Resources */,
			);
			buildRules = (
			);
			dependencies = (
			);
			name = TestGT;
			productName = TestGT;
			productReference = 2967F3611B2D8A060081A66F /* TestGT.app */;
			productType = "com.apple.product-type.application";
		};
		73A8BFAA1C3286AE0082103E /* TestGTTests */ = {
			isa = PBXNativeTarget;
			buildConfigurationList = 73A8BFB21C3286AE0082103E /* Build configuration list for PBXNativeTarget "TestGTTests" */;
			buildPhases = (
				73A8BFA71C3286AE0082103E /* Sources */,
				73A8BFA81C3286AE0082103E /* Frameworks */,
				73A8BFA91C3286AE0082103E /* Resources */,
			);
			buildRules = (
			);
			dependencies = (
				73A8BFB11C3286AE0082103E /* PBXTargetDependency */,
			);
			name = TestGTTests;
			productName = TestGTTests;
			productReference = 73A8BFAB1C3286AE0082103E /* TestGTTests.xctest */;
			productType = "com.apple.product-type.bundle.unit-test";
		};
		73E6B7451C33B5CA00C808E0 /* TestGTUITests */ = {
			isa = PBXNativeTarget;
			buildConfigurationList = 73E6B74F1C33B5CA00C808E0 /* Build configuration list for PBXNativeTarget "TestGTUITests" */;
			buildPhases = (
				73E6B7421C33B5CA00C808E0 /* Sources */,
				73E6B7431C33B5CA00C808E0 /* Frameworks */,
				73E6B7441C33B5CA00C808E0 /* Resources */,
			);
			buildRules = (
			);
			dependencies = (
				73E6B74C1C33B5CA00C808E0 /* PBXTargetDependency */,
			);
			name = TestGTUITests;
			productName = TestGTUITests;
			productReference = 73E6B7461C33B5CA00C808E0 /* TestGTUITests.xctest */;
			productType = "com.apple.product-type.bundle.ui-testing";
		};
/* End PBXNativeTarget section */

/* Begin PBXProject section */
		2967F3591B2D8A060081A66F /* Project object */ = {
			isa = PBXProject;
			attributes = {
				LastUpgradeCheck = 0700;
				ORGANIZATIONNAME = gt;
				TargetAttributes = {
					2967F3601B2D8A060081A66F = {
						CreatedOnToolsVersion = 6.3.1;
						DevelopmentTeam = 2448B7W898;
					};
					73A8BFAA1C3286AE0082103E = {
						CreatedOnToolsVersion = 7.2;
						TestTargetID = 2967F3601B2D8A060081A66F;
					};
					73E6B7451C33B5CA00C808E0 = {
						CreatedOnToolsVersion = 7.2;
						TestTargetID = 2967F3601B2D8A060081A66F;
					};
				};
			};
			buildConfigurationList = 2967F35C1B2D8A060081A66F /* Build configuration list for PBXProject "TestGT" */;
			compatibilityVersion = "Xcode 3.2";
			developmentRegion = English;
			hasScannedForEncodings = 0;
			knownRegions = (
				en,
				Base,
			);
			mainGroup = 2967F3581B2D8A060081A66F;
			productRefGroup = 2967F3621B2D8A060081A66F /* Products */;
			projectDirPath = "";
			projectRoot = "";
			targets = (
				2967F3601B2D8A060081A66F /* TestGT */,
				73A8BFAA1C3286AE0082103E /* TestGTTests */,
				73E6B7451C33B5CA00C808E0 /* TestGTUITests */,
			);
		};
/* End PBXProject section */

/* Begin PBXResourcesBuildPhase section */
		2967F35F1B2D8A060081A66F /* Resources */ = {
			isa = PBXResourcesBuildPhase;
			buildActionMask = 2147483647;
			files = (
				2967F3701B2D8A060081A66F /* Main.storyboard in Resources */,
				2967F3751B2D8A060081A66F /* LaunchScreen.xib in Resources */,
				2967F3721B2D8A060081A66F /* Images.xcassets in Resources */,
			);
			runOnlyForDeploymentPostprocessing = 0;
		};
		73A8BFA91C3286AE0082103E /* Resources */ = {
			isa = PBXResourcesBuildPhase;
			buildActionMask = 2147483647;
			files = (
			);
			runOnlyForDeploymentPostprocessing = 0;
		};
		73E6B7441C33B5CA00C808E0 /* Resources */ = {
			isa = PBXResourcesBuildPhase;
			buildActionMask = 2147483647;
			files = (
			);
			runOnlyForDeploymentPostprocessing = 0;
		};
/* End PBXResourcesBuildPhase section */

/* Begin PBXSourcesBuildPhase section */
		2967F35D1B2D8A060081A66F /* Sources */ = {
			isa = PBXSourcesBuildPhase;
			buildActionMask = 2147483647;
			files = (
				2967F36D1B2D8A060081A66F /* ViewController.m in Sources */,
				2967F36A1B2D8A060081A66F /* AppDelegate.m in Sources */,
				2967F3671B2D8A060081A66F /* main.m in Sources */,
			);
			runOnlyForDeploymentPostprocessing = 0;
		};
		73A8BFA71C3286AE0082103E /* Sources */ = {
			isa = PBXSourcesBuildPhase;
			buildActionMask = 2147483647;
			files = (
				73A8BFAE1C3286AE0082103E /* TestGTTests.m in Sources */,
			);
			runOnlyForDeploymentPostprocessing = 0;
		};
		73E6B7421C33B5CA00C808E0 /* Sources */ = {
			isa = PBXSourcesBuildPhase;
			buildActionMask = 2147483647;
			files = (
				73E6B7491C33B5CA00C808E0 /* TestGTUITests.m in Sources */,
			);
			runOnlyForDeploymentPostprocessing = 0;
		};
/* End PBXSourcesBuildPhase section */

/* Begin PBXTargetDependency section */
		73A8BFB11C3286AE0082103E /* PBXTargetDependency */ = {
			isa = PBXTargetDependency;
			target = 2967F3601B2D8A060081A66F /* TestGT */;
			targetProxy = 73A8BFB01C3286AE0082103E /* PBXContainerItemProxy */;
		};
		73E6B74C1C33B5CA00C808E0 /* PBXTargetDependency */ = {
			isa = PBXTargetDependency;
			target = 2967F3601B2D8A060081A66F /* TestGT */;
			targetProxy = 73E6B74B1C33B5CA00C808E0 /* PBXContainerItemProxy */;
		};
/* End PBXTargetDependency section */

/* Begin PBXVariantGroup section */
		2967F36E1B2D8A060081A66F /* Main.storyboard */ = {
			isa = PBXVariantGroup;
			children = (
				2967F36F1B2D8A060081A66F /* Base */,
			);
			name = Main.storyboard;
			sourceTree = "<group>";
		};
		2967F3731B2D8A060081A66F /* LaunchScreen.xib */ = {
			isa = PBXVariantGroup;
			children = (
				2967F3741B2D8A060081A66F /* Base */,
			);
			name = LaunchScreen.xib;
			sourceTree = "<group>";
		};
/* End PBXVariantGroup section */

/* Begin XCBuildConfiguration section */
		2967F3821B2D8A060081A66F /* Debug */ = {
			isa = XCBuildConfiguration;
			buildSettings = {
				ALWAYS_SEARCH_USER_PATHS = NO;
				CLANG_CXX_LANGUAGE_STANDARD = "gnu++0x";
				CLANG_CXX_LIBRARY = "libc++";
				CLANG_ENABLE_MODULES = YES;
				CLANG_ENABLE_OBJC_ARC = YES;
				CLANG_WARN_BOOL_CONVERSION = YES;
				CLANG_WARN_CONSTANT_CONVERSION = YES;
				CLANG_WARN_DIRECT_OBJC_ISA_USAGE = YES_ERROR;
				CLANG_WARN_EMPTY_BODY = YES;
				CLANG_WARN_ENUM_CONVERSION = YES;
				CLANG_WARN_INT_CONVERSION = YES;
				CLANG_WARN_OBJC_ROOT_CLASS = YES_ERROR;
				CLANG_WARN_UNREACHABLE_CODE = YES;
				CLANG_WARN__DUPLICATE_METHOD_MATCH = YES;
				"CODE_SIGN_IDENTITY[sdk=iphoneos*]" = "iPhone Developer";
				COPY_PHASE_STRIP = NO;
				DEBUG_INFORMATION_FORMAT = dwarf;
				ENABLE_BITCODE = NO;
				ENABLE_STRICT_OBJC_MSGSEND = YES;
				ENABLE_TESTABILITY = YES;
				GCC_C_LANGUAGE_STANDARD = gnu99;
				GCC_DYNAMIC_NO_PIC = NO;
				GCC_NO_COMMON_BLOCKS = YES;
				GCC_OPTIMIZATION_LEVEL = 0;
				GCC_PREPROCESSOR_DEFINITIONS = (
					"DEBUG=1",
					"$(inherited)",
				);
				GCC_SYMBOLS_PRIVATE_EXTERN = NO;
				GCC_WARN_64_TO_32_BIT_CONVERSION = YES;
				GCC_WARN_ABOUT_RETURN_TYPE = YES_ERROR;
				GCC_WARN_UNDECLARED_SELECTOR = YES;
				GCC_WARN_UNINITIALIZED_AUTOS = YES_AGGRESSIVE;
				GCC_WARN_UNUSED_FUNCTION = YES;
				GCC_WARN_UNUSED_VARIABLE = YES;
				IPHONEOS_DEPLOYMENT_TARGET = 7.0;
				MTL_ENABLE_DEBUG_INFO = YES;
				ONLY_ACTIVE_ARCH = YES;
				SDKROOT = iphoneos;
				TARGETED_DEVICE_FAMILY = "1,2";
			};
			name = Debug;
		};
		2967F3831B2D8A060081A66F /* Release */ = {
			isa = XCBuildConfiguration;
			buildSettings = {
				ALWAYS_SEARCH_USER_PATHS = NO;
				CLANG_CXX_LANGUAGE_STANDARD = "gnu++0x";
				CLANG_CXX_LIBRARY = "libc++";
				CLANG_ENABLE_MODULES = YES;
				CLANG_ENABLE_OBJC_ARC = YES;
				CLANG_WARN_BOOL_CONVERSION = YES;
				CLANG_WARN_CONSTANT_CONVERSION = YES;
				CLANG_WARN_DIRECT_OBJC_ISA_USAGE = YES_ERROR;
				CLANG_WARN_EMPTY_BODY = YES;
				CLANG_WARN_ENUM_CONVERSION = YES;
				CLANG_WARN_INT_CONVERSION = YES;
				CLANG_WARN_OBJC_ROOT_CLASS = YES_ERROR;
				CLANG_WARN_UNREACHABLE_CODE = YES;
				CLANG_WARN__DUPLICATE_METHOD_MATCH = YES;
				"CODE_SIGN_IDENTITY[sdk=iphoneos*]" = "iPhone Developer";
				COPY_PHASE_STRIP = NO;
				DEBUG_INFORMATION_FORMAT = dwarf;
				ENABLE_BITCODE = NO;
				ENABLE_NS_ASSERTIONS = NO;
				ENABLE_STRICT_OBJC_MSGSEND = YES;
				GCC_C_LANGUAGE_STANDARD = gnu99;
				GCC_NO_COMMON_BLOCKS = YES;
				GCC_WARN_64_TO_32_BIT_CONVERSION = YES;
				GCC_WARN_ABOUT_RETURN_TYPE = YES_ERROR;
				GCC_WARN_UNDECLARED_SELECTOR = YES;
				GCC_WARN_UNINITIALIZED_AUTOS = YES_AGGRESSIVE;
				GCC_WARN_UNUSED_FUNCTION = YES;
				GCC_WARN_UNUSED_VARIABLE = YES;
				IPHONEOS_DEPLOYMENT_TARGET = 7.0;
				MTL_ENABLE_DEBUG_INFO = NO;
				SDKROOT = iphoneos;
				TARGETED_DEVICE_FAMILY = "1,2";
				VALIDATE_PRODUCT = YES;
			};
			name = Release;
		};
		2967F3851B2D8A060081A66F /* Debug */ = {
			isa = XCBuildConfiguration;
			buildSettings = {
				ASSETCATALOG_COMPILER_APPICON_NAME = AppIcon;
				ASSETCATALOG_COMPILER_LAUNCHIMAGE_NAME = LaunchImage;
				CLANG_ENABLE_MODULES = YES;
				CLANG_ENABLE_MODULE_DEBUGGING = NO;
				CODE_SIGN_IDENTITY = "iPhone Developer";
				DEBUG_INFORMATION_FORMAT = "dwarf-with-dsym";
				ENABLE_BITCODE = NO;
				FRAMEWORK_SEARCH_PATHS = (
					"$(inherited)",
					"$(PROJECT_DIR)/TestGT",
					"$(PROJECT_DIR)",
				);
				INFOPLIST_FILE = TestGT/Info.plist;
				IPHONEOS_DEPLOYMENT_TARGET = 7.0;
				LD_RUNPATH_SEARCH_PATHS = "$(inherited) @executable_path/Frameworks";
				PRODUCT_BUNDLE_IDENTIFIER = com.geetest.demo;
				PRODUCT_NAME = "$(TARGET_NAME)";
			};
			name = Debug;
		};
		2967F3861B2D8A060081A66F /* Release */ = {
			isa = XCBuildConfiguration;
			buildSettings = {
				ASSETCATALOG_COMPILER_APPICON_NAME = AppIcon;
				ASSETCATALOG_COMPILER_LAUNCHIMAGE_NAME = LaunchImage;
				CLANG_ENABLE_MODULES = YES;
				CLANG_ENABLE_MODULE_DEBUGGING = NO;
				CODE_SIGN_IDENTITY = "iPhone Developer";
				DEBUG_INFORMATION_FORMAT = "dwarf-with-dsym";
				ENABLE_BITCODE = NO;
				FRAMEWORK_SEARCH_PATHS = (
					"$(inherited)",
					"$(PROJECT_DIR)/TestGT",
					"$(PROJECT_DIR)",
				);
				INFOPLIST_FILE = TestGT/Info.plist;
				IPHONEOS_DEPLOYMENT_TARGET = 7.0;
				LD_RUNPATH_SEARCH_PATHS = "$(inherited) @executable_path/Frameworks";
				PRODUCT_BUNDLE_IDENTIFIER = com.geetest.demo;
				PRODUCT_NAME = "$(TARGET_NAME)";
			};
			name = Release;
		};
		73A8BFB31C3286AE0082103E /* Debug */ = {
			isa = XCBuildConfiguration;
			buildSettings = {
				BUNDLE_LOADER = "$(TEST_HOST)";
				FRAMEWORK_SEARCH_PATHS = (
					"$(inherited)",
					"$(PROJECT_DIR)",
				);
				INFOPLIST_FILE = TestGTTests/Info.plist;
				IPHONEOS_DEPLOYMENT_TARGET = 9.2;
				LD_RUNPATH_SEARCH_PATHS = "$(inherited) @executable_path/Frameworks @loader_path/Frameworks";
				PRODUCT_BUNDLE_IDENTIFIER = com.nikoxu.TestGTTests;
				PRODUCT_NAME = "$(TARGET_NAME)";
				TEST_HOST = "$(BUILT_PRODUCTS_DIR)/TestGT.app/TestGT";
			};
			name = Debug;
		};
		73A8BFB41C3286AE0082103E /* Release */ = {
			isa = XCBuildConfiguration;
			buildSettings = {
				BUNDLE_LOADER = "$(TEST_HOST)";
				DEBUG_INFORMATION_FORMAT = "dwarf-with-dsym";
				FRAMEWORK_SEARCH_PATHS = (
					"$(inherited)",
					"$(PROJECT_DIR)",
				);
				INFOPLIST_FILE = TestGTTests/Info.plist;
				IPHONEOS_DEPLOYMENT_TARGET = 9.2;
				LD_RUNPATH_SEARCH_PATHS = "$(inherited) @executable_path/Frameworks @loader_path/Frameworks";
				PRODUCT_BUNDLE_IDENTIFIER = com.nikoxu.TestGTTests;
				PRODUCT_NAME = "$(TARGET_NAME)";
				TEST_HOST = "$(BUILT_PRODUCTS_DIR)/TestGT.app/TestGT";
			};
			name = Release;
		};
		73E6B74D1C33B5CA00C808E0 /* Debug */ = {
			isa = XCBuildConfiguration;
			buildSettings = {
				FRAMEWORK_SEARCH_PATHS = (
					"$(inherited)",
					"$(PROJECT_DIR)",
				);
				INFOPLIST_FILE = TestGTUITests/Info.plist;
				IPHONEOS_DEPLOYMENT_TARGET = 9.2;
				LD_RUNPATH_SEARCH_PATHS = "$(inherited) @executable_path/Frameworks @loader_path/Frameworks";
				PRODUCT_BUNDLE_IDENTIFIER = com.nikoxu.TestGTUITests;
				PRODUCT_NAME = "$(TARGET_NAME)";
				TEST_TARGET_NAME = TestGT;
				USES_XCTRUNNER = YES;
			};
			name = Debug;
		};
		73E6B74E1C33B5CA00C808E0 /* Release */ = {
			isa = XCBuildConfiguration;
			buildSettings = {
				DEBUG_INFORMATION_FORMAT = "dwarf-with-dsym";
				FRAMEWORK_SEARCH_PATHS = (
					"$(inherited)",
					"$(PROJECT_DIR)",
				);
				INFOPLIST_FILE = TestGTUITests/Info.plist;
				IPHONEOS_DEPLOYMENT_TARGET = 9.2;
				LD_RUNPATH_SEARCH_PATHS = "$(inherited) @executable_path/Frameworks @loader_path/Frameworks";
				PRODUCT_BUNDLE_IDENTIFIER = com.nikoxu.TestGTUITests;
				PRODUCT_NAME = "$(TARGET_NAME)";
				TEST_TARGET_NAME = TestGT;
				USES_XCTRUNNER = YES;
			};
			name = Release;
		};
/* End XCBuildConfiguration section */

/* Begin XCConfigurationList section */
		2967F35C1B2D8A060081A66F /* Build configuration list for PBXProject "TestGT" */ = {
			isa = XCConfigurationList;
			buildConfigurations = (
				2967F3821B2D8A060081A66F /* Debug */,
				2967F3831B2D8A060081A66F /* Release */,
			);
			defaultConfigurationIsVisible = 0;
			defaultConfigurationName = Release;
		};
		2967F3841B2D8A060081A66F /* Build configuration list for PBXNativeTarget "TestGT" */ = {
			isa = XCConfigurationList;
			buildConfigurations = (
				2967F3851B2D8A060081A66F /* Debug */,
				2967F3861B2D8A060081A66F /* Release */,
			);
			defaultConfigurationIsVisible = 0;
			defaultConfigurationName = Release;
		};
		73A8BFB21C3286AE0082103E /* Build configuration list for PBXNativeTarget "TestGTTests" */ = {
			isa = XCConfigurationList;
			buildConfigurations = (
				73A8BFB31C3286AE0082103E /* Debug */,
				73A8BFB41C3286AE0082103E /* Release */,
			);
			defaultConfigurationIsVisible = 0;
			defaultConfigurationName = Release;
		};
		73E6B74F1C33B5CA00C808E0 /* Build configuration list for PBXNativeTarget "TestGTUITests" */ = {
			isa = XCConfigurationList;
			buildConfigurations = (
				73E6B74D1C33B5CA00C808E0 /* Debug */,
				73E6B74E1C33B5CA00C808E0 /* Release */,
			);
			defaultConfigurationIsVisible = 0;
			defaultConfigurationName = Release;
		};
/* End XCConfigurationList section */
	};
	rootObject = 2967F3591B2D8A060081A66F /* Project object */;
}
